
Microsoft Visual Studio Solution File, Format Version 12.00
# Visual Studio 15
VisualStudioVersion = 15.0.26228.10
MinimumVisualStudioVersion = 10.0.40219.1
Project("{2150E333-8FDC-42A3-9474-1A3956D46DE8}") = "1 - Presentation", "1 - Presentation", "{3711BE42-A50D-4237-B9E8-68CBF6A005B7}"
EndProject
Project("{2150E333-8FDC-42A3-9474-1A3956D46DE8}") = "2 - Services", "2 - Services", "{D1A60B77-C068-48AA-A22A-349385BC0C58}"
EndProject
Project("{2150E333-8FDC-42A3-9474-1A3956D46DE8}") = "3 - Application", "3 - Application", "{3E5D6FAB-B81C-45BF-B712-4F2E7AEE6C35}"
EndProject
Project("{2150E333-8FDC-42A3-9474-1A3956D46DE8}") = "4 - Domain", "4 - Domain", "{CB57EEE9-58DC-48A9-80CF-081DC700F72D}"
EndProject
Project("{2150E333-8FDC-42A3-9474-1A3956D46DE8}") = "5 - Infra", "5 - Infra", "{C8001EC5-2B96-4DBA-B222-8CEC74477534}"
EndProject
Project("{2150E333-8FDC-42A3-9474-1A3956D46DE8}") = "5.1 - Data", "5.1 - Data", "{1F9CA543-6515-435F-B550-F5EFA6239158}"
EndProject
Project("{2150E333-8FDC-42A3-9474-1A3956D46DE8}") = "5.2 - CrossCutting", "5.2 - CrossCutting", "{AF387EDF-7B2F-4B87-BE98-8F574099339D}"
EndProject
Project("{9A19103F-16F7-4668-BE54-9A1E7A4F7556}") = "ExemploSeguros.Infra.CrossCutting.Bus", "ExemploSeguros.Infra.CrossCutting.Bus\ExemploSeguros.Infra.CrossCutting.Bus.csproj", "{F0204B33-3E2C-428C-8AB8-2AE82E4C7F00}"
EndProject
Project("{9A19103F-16F7-4668-BE54-9A1E7A4F7556}") = "ExemploSeguros.Infra.CrossCutting.Identity", "ExemploSeguros.Infra.CrossCutting.Identity\ExemploSeguros.Infra.CrossCutting.Identity.csproj", "{904C003A-B6CA-4D3D-BE7D-4DC004C1AFB2}"
EndProject
Project("{9A19103F-16F7-4668-BE54-9A1E7A4F7556}") = "ExemploSeguros.Infra.CrossCutting.IoC", "ExemploSeguros.Infra.CrossCutting.IoC\ExemploSeguros.Infra.CrossCutting.IoC.csproj", "{611C0B54-CEA3-4C92-8DBC-CF7EBF192054}"
EndProject
Project("{9A19103F-16F7-4668-BE54-9A1E7A4F7556}") = "ExemploSeguros.Domain", "ExemploSeguros.Domain\ExemploSeguros.Domain.csproj", "{53667B7A-D2A7-4DE6-B2AE-68F96E37B560}"
EndProject
Project("{9A19103F-16F7-4668-BE54-9A1E7A4F7556}") = "ExemploSeguros.Domain.Core", "ExemploSeguros.Domain.Core\ExemploSeguros.Domain.Core.csproj", "{79851941-F3C1-413E-99DE-6519AB1AAE40}"
EndProject
Project("{9A19103F-16F7-4668-BE54-9A1E7A4F7556}") = "ExemploSeguros.Application", "ExemploSeguros.Application\ExemploSeguros.Application.csproj", "{3B622E1B-4FCD-403D-B458-5E3295EB9D5D}"
EndProject
Project("{9A19103F-16F7-4668-BE54-9A1E7A4F7556}") = "ExemploSeguros.Data", "ExemploSeguros.Data\ExemploSeguros.Data.csproj", "{AAEA5AB5-0E34-4A29-AB0B-B53DBA35F4AD}"
EndProject
Project("{9A19103F-16F7-4668-BE54-9A1E7A4F7556}") = "ExemploSeguros.Services.WebApi", "ExemploSeguros.Services.WebApi\ExemploSeguros.Services.WebApi.csproj", "{96A97087-FE0F-465E-A8F4-2FAD4CF1AE75}"
EndProject
Global
	GlobalSection(SolutionConfigurationPlatforms) = preSolution
		Debug|Any CPU = Debug|Any CPU
		Release|Any CPU = Release|Any CPU
	EndGlobalSection
	GlobalSection(ProjectConfigurationPlatforms) = postSolution
		{F0204B33-3E2C-428C-8AB8-2AE82E4C7F00}.Debug|Any CPU.ActiveCfg = Debug|Any CPU
		{F0204B33-3E2C-428C-8AB8-2AE82E4C7F00}.Debug|Any CPU.Build.0 = Debug|Any CPU
		{F0204B33-3E2C-428C-8AB8-2AE82E4C7F00}.Release|Any CPU.ActiveCfg = Release|Any CPU
		{F0204B33-3E2C-428C-8AB8-2AE82E4C7F00}.Release|Any CPU.Build.0 = Release|Any CPU
		{904C003A-B6CA-4D3D-BE7D-4DC004C1AFB2}.Debug|Any CPU.ActiveCfg = Debug|Any CPU
		{904C003A-B6CA-4D3D-BE7D-4DC004C1AFB2}.Debug|Any CPU.Build.0 = Debug|Any CPU
		{904C003A-B6CA-4D3D-BE7D-4DC004C1AFB2}.Release|Any CPU.ActiveCfg = Release|Any CPU
		{904C003A-B6CA-4D3D-BE7D-4DC004C1AFB2}.Release|Any CPU.Build.0 = Release|Any CPU
		{611C0B54-CEA3-4C92-8DBC-CF7EBF192054}.Debug|Any CPU.ActiveCfg = Debug|Any CPU
		{611C0B54-CEA3-4C92-8DBC-CF7EBF192054}.Debug|Any CPU.Build.0 = Debug|Any CPU
		{611C0B54-CEA3-4C92-8DBC-CF7EBF192054}.Release|Any CPU.ActiveCfg = Release|Any CPU
		{611C0B54-CEA3-4C92-8DBC-CF7EBF192054}.Release|Any CPU.Build.0 = Release|Any CPU
		{53667B7A-D2A7-4DE6-B2AE-68F96E37B560}.Debug|Any CPU.ActiveCfg = Debug|Any CPU
		{53667B7A-D2A7-4DE6-B2AE-68F96E37B560}.Debug|Any CPU.Build.0 = Debug|Any CPU
		{53667B7A-D2A7-4DE6-B2AE-68F96E37B560}.Release|Any CPU.ActiveCfg = Release|Any CPU
		{53667B7A-D2A7-4DE6-B2AE-68F96E37B560}.Release|Any CPU.Build.0 = Release|Any CPU
		{79851941-F3C1-413E-99DE-6519AB1AAE40}.Debug|Any CPU.ActiveCfg = Debug|Any CPU
		{79851941-F3C1-413E-99DE-6519AB1AAE40}.Debug|Any CPU.Build.0 = Debug|Any CPU
		{79851941-F3C1-413E-99DE-6519AB1AAE40}.Release|Any CPU.ActiveCfg = Release|Any CPU
		{79851941-F3C1-413E-99DE-6519AB1AAE40}.Release|Any CPU.Build.0 = Release|Any CPU
		{3B622E1B-4FCD-403D-B458-5E3295EB9D5D}.Debug|Any CPU.ActiveCfg = Debug|Any CPU
		{3B622E1B-4FCD-403D-B458-5E3295EB9D5D}.Debug|Any CPU.Build.0 = Debug|Any CPU
		{3B622E1B-4FCD-403D-B458-5E3295EB9D5D}.Release|Any CPU.ActiveCfg = Release|Any CPU
		{3B622E1B-4FCD-403D-B458-5E3295EB9D5D}.Release|Any CPU.Build.0 = Release|Any CPU
		{AAEA5AB5-0E34-4A29-AB0B-B53DBA35F4AD}.Debug|Any CPU.ActiveCfg = Debug|Any CPU
		{AAEA5AB5-0E34-4A29-AB0B-B53DBA35F4AD}.Debug|Any CPU.Build.0 = Debug|Any CPU
		{AAEA5AB5-0E34-4A29-AB0B-B53DBA35F4AD}.Release|Any CPU.ActiveCfg = Release|Any CPU
		{AAEA5AB5-0E34-4A29-AB0B-B53DBA35F4AD}.Release|Any CPU.Build.0 = Release|Any CPU
		{96A97087-FE0F-465E-A8F4-2FAD4CF1AE75}.Debug|Any CPU.ActiveCfg = Debug|Any CPU
		{96A97087-FE0F-465E-A8F4-2FAD4CF1AE75}.Debug|Any CPU.Build.0 = Debug|Any CPU
		{96A97087-FE0F-465E-A8F4-2FAD4CF1AE75}.Release|Any CPU.ActiveCfg = Release|Any CPU
		{96A97087-FE0F-465E-A8F4-2FAD4CF1AE75}.Release|Any CPU.Build.0 = Release|Any CPU
	EndGlobalSection
	GlobalSection(SolutionProperties) = preSolution
		HideSolutionNode = FALSE
	EndGlobalSection
	GlobalSection(NestedProjects) = preSolution
		{1F9CA543-6515-435F-B550-F5EFA6239158} = {C8001EC5-2B96-4DBA-B222-8CEC74477534}
		{AF387EDF-7B2F-4B87-BE98-8F574099339D} = {C8001EC5-2B96-4DBA-B222-8CEC74477534}
		{F0204B33-3E2C-428C-8AB8-2AE82E4C7F00} = {AF387EDF-7B2F-4B87-BE98-8F574099339D}
		{904C003A-B6CA-4D3D-BE7D-4DC004C1AFB2} = {AF387EDF-7B2F-4B87-BE98-8F574099339D}
		{611C0B54-CEA3-4C92-8DBC-CF7EBF192054} = {AF387EDF-7B2F-4B87-BE98-8F574099339D}
		{53667B7A-D2A7-4DE6-B2AE-68F96E37B560} = {CB57EEE9-58DC-48A9-80CF-081DC700F72D}
		{79851941-F3C1-413E-99DE-6519AB1AAE40} = {CB57EEE9-58DC-48A9-80CF-081DC700F72D}
		{3B622E1B-4FCD-403D-B458-5E3295EB9D5D} = {3E5D6FAB-B81C-45BF-B712-4F2E7AEE6C35}
		{AAEA5AB5-0E34-4A29-AB0B-B53DBA35F4AD} = {1F9CA543-6515-435F-B550-F5EFA6239158}
		{96A97087-FE0F-465E-A8F4-2FAD4CF1AE75} = {D1A60B77-C068-48AA-A22A-349385BC0C58}
	EndGlobalSection
	GlobalSection(ExtensibilityGlobals) = postSolution
		SolutionGuid = {C3B8084B-8E75-4C3F-94A1-0ED1EA61AE7F}
	EndGlobalSection
EndGlobal
